
Microsoft Visual Studio Solution File, Format Version 12.00
# Visual Studio 2012
Project("{8BC9CEB8-8B4A-11D0-8D11-00A0C91BC942}") = "propelize", "propelize.vcxproj", "{63315F5D-80D2-4160-833E-6E959AC2D586}"
EndProject
Project("{8BC9CEB8-8B4A-11D0-8D11-00A0C91BC942}") = "propelize-examples", "propelize-examples\propelize-examples.vcxproj", "{FF9E1CF7-05E8-4D91-9A23-9CF0AA5761A4}"
EndProject
Global
	GlobalSection(SolutionConfigurationPlatforms) = preSolution
		Debug|Win32 = Debug|Win32
		Release|Win32 = Release|Win32
	EndGlobalSection
	GlobalSection(ProjectConfigurationPlatforms) = postSolution
		{63315F5D-80D2-4160-833E-6E959AC2D586}.Debug|Win32.ActiveCfg = Debug|Win32
		{63315F5D-80D2-4160-833E-6E959AC2D586}.Debug|Win32.Build.0 = Debug|Win32
		{63315F5D-80D2-4160-833E-6E959AC2D586}.Release|Win32.ActiveCfg = Release|Win32
		{63315F5D-80D2-4160-833E-6E959AC2D586}.Release|Win32.Build.0 = Release|Win32
		{FF9E1CF7-05E8-4D91-9A23-9CF0AA5761A4}.Debug|Win32.ActiveCfg = Debug|Win32
		{FF9E1CF7-05E8-4D91-9A23-9CF0AA5761A4}.Debug|Win32.Build.0 = Debug|Win32
		{FF9E1CF7-05E8-4D91-9A23-9CF0AA5761A4}.Release|Win32.ActiveCfg = Release|Win32
		{FF9E1CF7-05E8-4D91-9A23-9CF0AA5761A4}.Release|Win32.Build.0 = Release|Win32
	EndGlobalSection
	GlobalSection(SolutionProperties) = preSolution
		HideSolutionNode = FALSE
	EndGlobalSection
EndGlobal
