Microsoft Visual Studio Solution File, Format Version 12.00
# Visual Studio 2012
Project("{8BC9CEB8-8B4A-11D0-8D11-00A0C91BC942}") = "All", "All\All.vcxproj", "{FC67C98B-59C6-DA46-E075-BF7516A7DEFF}"
EndProject
Project("{8BC9CEB8-8B4A-11D0-8D11-00A0C91BC942}") = "CORE_bzlib", "bzlib\CORE_bzlib_mtdll_lib.vcxproj", "{0B04B1BB-278C-4F89-90CF-D1BBC19C6E07}"
EndProject
Project("{8BC9CEB8-8B4A-11D0-8D11-00A0C91BC942}") = "CORE_coders", "coders\CORE_coders_mtdll_lib.vcxproj", "{6FCC79F0-3365-45CF-8EA6-751E5CCB0EF6}"
EndProject
Project("{8BC9CEB8-8B4A-11D0-8D11-00A0C91BC942}") = "CORE_filters", "filters\CORE_filters_mtdll_lib.vcxproj", "{87F9F2F0-11BE-49A5-9070-A8FCC5ABE16F}"
EndProject
Project("{8BC9CEB8-8B4A-11D0-8D11-00A0C91BC942}") = "CORE_jbig", "jbig\CORE_jbig_mtdll_lib.vcxproj", "{F1D75DDF-8F21-473A-9C8B-0F0577F727F8}"
EndProject
Project("{8BC9CEB8-8B4A-11D0-8D11-00A0C91BC942}") = "CORE_jp2", "jp2\CORE_jp2_mtdll_lib.vcxproj", "{A031E7A1-6350-4FC8-9102-94CB4241BF43}"
EndProject
Project("{8BC9CEB8-8B4A-11D0-8D11-00A0C91BC942}") = "CORE_jpeg", "jpeg\CORE_jpeg_mtdll_lib.vcxproj", "{96BA8B6B-E5F4-4D10-97D3-EAE4D974D67C}"
EndProject
Project("{8BC9CEB8-8B4A-11D0-8D11-00A0C91BC942}") = "CORE_lcms", "lcms\CORE_lcms_mtdll_lib.vcxproj", "{DD0A4128-8AB5-4571-8947-BE13BC162292}"
EndProject
Project("{8BC9CEB8-8B4A-11D0-8D11-00A0C91BC942}") = "CORE_libxml", "libxml\CORE_libxml_mtdll_lib.vcxproj", "{D46D7563-90CF-4CC1-8DF4-894532309D89}"
EndProject
Project("{8BC9CEB8-8B4A-11D0-8D11-00A0C91BC942}") = "CORE_magick", "magick\CORE_magick_mtdll_lib.vcxproj", "{2951422B-E128-4B3A-ADA7-CAF3E036CCD5}"
EndProject
Project("{8BC9CEB8-8B4A-11D0-8D11-00A0C91BC942}") = "CORE_Magick++", "Magick++\CORE_Magick++_mtdll_lib.vcxproj", "{B7400F8C-E5E7-49B4-B7E2-51506129195D}"
EndProject
Project("{8BC9CEB8-8B4A-11D0-8D11-00A0C91BC942}") = "CORE_png", "png\CORE_png_mtdll_lib.vcxproj", "{B72EC1D4-E81E-422E-8B71-5D58B81B8109}"
EndProject
Project("{8BC9CEB8-8B4A-11D0-8D11-00A0C91BC942}") = "CORE_tiff", "tiff\CORE_tiff_mtdll_lib.vcxproj", "{ED7750C7-9DD1-43EB-97BA-30B293195853}"
EndProject
Project("{8BC9CEB8-8B4A-11D0-8D11-00A0C91BC942}") = "CORE_ttf", "ttf\CORE_ttf_mtdll_lib.vcxproj", "{FD3FD84A-6005-4345-ACD8-153D25EC550D}"
EndProject
Project("{8BC9CEB8-8B4A-11D0-8D11-00A0C91BC942}") = "CORE_wand", "wand\CORE_wand_mtdll_lib.vcxproj", "{6DECE067-088A-499C-B177-E650547D24B1}"
EndProject
Project("{8BC9CEB8-8B4A-11D0-8D11-00A0C91BC942}") = "CORE_xlib", "xlib\CORE_xlib_mtdll_lib.vcxproj", "{62AC5645-EA8A-4D19-848E-288E91385013}"
EndProject
Project("{8BC9CEB8-8B4A-11D0-8D11-00A0C91BC942}") = "CORE_zlib", "zlib\CORE_zlib_mtdll_lib.vcxproj", "{0A6743DE-84F9-4224-874B-DECBC6037AEB}"
EndProject
Project("{8BC9CEB8-8B4A-11D0-8D11-00A0C91BC942}") = "CORE_wmf", "wmf\CORE_wmf_mtdll_lib.vcxproj", "{F50834C2-D6B0-4A3F-A5DE-2021C41D5719}"
EndProject
Project("{8BC9CEB8-8B4A-11D0-8D11-00A0C91BC942}") = "UTIL_animate", "utilities\UTIL_animate_mtdll_exe.vcxproj", "{27F70581-7A4D-48B9-A313-D14B33502D22}"
EndProject
Project("{8BC9CEB8-8B4A-11D0-8D11-00A0C91BC942}") = "UTIL_compare", "utilities\UTIL_compare_mtdll_exe.vcxproj", "{1EB2B435-7097-4150-BA78-6EAA132D9C9F}"
EndProject
Project("{8BC9CEB8-8B4A-11D0-8D11-00A0C91BC942}") = "UTIL_composite", "utilities\UTIL_composite_mtdll_exe.vcxproj", "{16A8C5D4-BA78-42BB-8BA5-1C2CF13B28F0}"
EndProject
Project("{8BC9CEB8-8B4A-11D0-8D11-00A0C91BC942}") = "UTIL_conjure", "utilities\UTIL_conjure_mtdll_exe.vcxproj", "{64CEADC3-50E5-417D-9B87-6F5CA301A46D}"
EndProject
Project("{8BC9CEB8-8B4A-11D0-8D11-00A0C91BC942}") = "UTIL_convert", "utilities\UTIL_convert_mtdll_exe.vcxproj", "{B8C1C4A1-47E0-4EAF-99FD-FAABC525563F}"
EndProject
Project("{8BC9CEB8-8B4A-11D0-8D11-00A0C91BC942}") = "UTIL_display", "utilities\UTIL_display_mtdll_exe.vcxproj", "{8E86F6C2-7BC8-4356-8B28-95B3ECE0B639}"
EndProject
Project("{8BC9CEB8-8B4A-11D0-8D11-00A0C91BC942}") = "UTIL_identify", "utilities\UTIL_identify_mtdll_exe.vcxproj", "{A80510BA-510D-4679-9C38-1AE971262D23}"
EndProject
Project("{8BC9CEB8-8B4A-11D0-8D11-00A0C91BC942}") = "UTIL_import", "utilities\UTIL_import_mtdll_exe.vcxproj", "{EB2D1CCC-C112-44E9-BE65-B999A9C1DC9B}"
EndProject
Project("{8BC9CEB8-8B4A-11D0-8D11-00A0C91BC942}") = "UTIL_mogrify", "utilities\UTIL_mogrify_mtdll_exe.vcxproj", "{C06F8A49-7F64-4821-9B7B-9FFC97760033}"
EndProject
Project("{8BC9CEB8-8B4A-11D0-8D11-00A0C91BC942}") = "UTIL_montage", "utilities\UTIL_montage_mtdll_exe.vcxproj", "{0F7E5634-4F9E-4CB5-A308-2090DA87D58D}"
EndProject
Project("{8BC9CEB8-8B4A-11D0-8D11-00A0C91BC942}") = "UTIL_stream", "utilities\UTIL_stream_mtdll_exe.vcxproj", "{EA30D7C7-1CFF-44B8-957F-62A8D189EA84}"
EndProject
Global
	GlobalSection(SolutionConfigurationPlatforms) = preSolution
		Debug|Win32 = Debug|Win32
		Debug|x64 = Debug|x64
		Release|Win32 = Release|Win32
		Release|x64 = Release|x64
	EndGlobalSection
	GlobalSection(ProjectConfigurationPlatforms) = postSolution
		{FC67C98B-59C6-DA46-E075-BF7516A7DEFF}.Debug|Win32.ActiveCfg = Debug|Win32
		{FC67C98B-59C6-DA46-E075-BF7516A7DEFF}.Debug|x64.ActiveCfg = Debug|x64
		{FC67C98B-59C6-DA46-E075-BF7516A7DEFF}.Release|Win32.ActiveCfg = Release|Win32
		{FC67C98B-59C6-DA46-E075-BF7516A7DEFF}.Release|x64.ActiveCfg = Release|x64
		{0B04B1BB-278C-4F89-90CF-D1BBC19C6E07}.Debug|Win32.ActiveCfg = Debug|Win32
		{0B04B1BB-278C-4F89-90CF-D1BBC19C6E07}.Debug|Win32.Build.0 = Debug|Win32
		{0B04B1BB-278C-4F89-90CF-D1BBC19C6E07}.Debug|x64.ActiveCfg = Debug|x64
		{0B04B1BB-278C-4F89-90CF-D1BBC19C6E07}.Debug|x64.Build.0 = Debug|x64
		{0B04B1BB-278C-4F89-90CF-D1BBC19C6E07}.Release|Win32.ActiveCfg = Release|Win32
		{0B04B1BB-278C-4F89-90CF-D1BBC19C6E07}.Release|Win32.Build.0 = Release|Win32
		{0B04B1BB-278C-4F89-90CF-D1BBC19C6E07}.Release|x64.ActiveCfg = Release|x64
		{0B04B1BB-278C-4F89-90CF-D1BBC19C6E07}.Release|x64.Build.0 = Release|x64
		{6FCC79F0-3365-45CF-8EA6-751E5CCB0EF6}.Debug|Win32.ActiveCfg = Debug|Win32
		{6FCC79F0-3365-45CF-8EA6-751E5CCB0EF6}.Debug|Win32.Build.0 = Debug|Win32
		{6FCC79F0-3365-45CF-8EA6-751E5CCB0EF6}.Debug|x64.ActiveCfg = Debug|x64
		{6FCC79F0-3365-45CF-8EA6-751E5CCB0EF6}.Debug|x64.Build.0 = Debug|x64
		{6FCC79F0-3365-45CF-8EA6-751E5CCB0EF6}.Release|Win32.ActiveCfg = Release|Win32
		{6FCC79F0-3365-45CF-8EA6-751E5CCB0EF6}.Release|Win32.Build.0 = Release|Win32
		{6FCC79F0-3365-45CF-8EA6-751E5CCB0EF6}.Release|x64.ActiveCfg = Release|x64
		{6FCC79F0-3365-45CF-8EA6-751E5CCB0EF6}.Release|x64.Build.0 = Release|x64
		{87F9F2F0-11BE-49A5-9070-A8FCC5ABE16F}.Debug|Win32.ActiveCfg = Debug|Win32
		{87F9F2F0-11BE-49A5-9070-A8FCC5ABE16F}.Debug|Win32.Build.0 = Debug|Win32
		{87F9F2F0-11BE-49A5-9070-A8FCC5ABE16F}.Debug|x64.ActiveCfg = Debug|x64
		{87F9F2F0-11BE-49A5-9070-A8FCC5ABE16F}.Debug|x64.Build.0 = Debug|x64
		{87F9F2F0-11BE-49A5-9070-A8FCC5ABE16F}.Release|Win32.ActiveCfg = Release|Win32
		{87F9F2F0-11BE-49A5-9070-A8FCC5ABE16F}.Release|Win32.Build.0 = Release|Win32
		{87F9F2F0-11BE-49A5-9070-A8FCC5ABE16F}.Release|x64.ActiveCfg = Release|x64
		{87F9F2F0-11BE-49A5-9070-A8FCC5ABE16F}.Release|x64.Build.0 = Release|x64
		{F1D75DDF-8F21-473A-9C8B-0F0577F727F8}.Debug|Win32.ActiveCfg = Debug|Win32
		{F1D75DDF-8F21-473A-9C8B-0F0577F727F8}.Debug|Win32.Build.0 = Debug|Win32
		{F1D75DDF-8F21-473A-9C8B-0F0577F727F8}.Debug|x64.ActiveCfg = Debug|x64
		{F1D75DDF-8F21-473A-9C8B-0F0577F727F8}.Debug|x64.Build.0 = Debug|x64
		{F1D75DDF-8F21-473A-9C8B-0F0577F727F8}.Release|Win32.ActiveCfg = Release|Win32
		{F1D75DDF-8F21-473A-9C8B-0F0577F727F8}.Release|Win32.Build.0 = Release|Win32
		{F1D75DDF-8F21-473A-9C8B-0F0577F727F8}.Release|x64.ActiveCfg = Release|x64
		{F1D75DDF-8F21-473A-9C8B-0F0577F727F8}.Release|x64.Build.0 = Release|x64
		{A031E7A1-6350-4FC8-9102-94CB4241BF43}.Debug|Win32.ActiveCfg = Debug|Win32
		{A031E7A1-6350-4FC8-9102-94CB4241BF43}.Debug|Win32.Build.0 = Debug|Win32
		{A031E7A1-6350-4FC8-9102-94CB4241BF43}.Debug|x64.ActiveCfg = Debug|x64
		{A031E7A1-6350-4FC8-9102-94CB4241BF43}.Debug|x64.Build.0 = Debug|x64
		{A031E7A1-6350-4FC8-9102-94CB4241BF43}.Release|Win32.ActiveCfg = Release|Win32
		{A031E7A1-6350-4FC8-9102-94CB4241BF43}.Release|Win32.Build.0 = Release|Win32
		{A031E7A1-6350-4FC8-9102-94CB4241BF43}.Release|x64.ActiveCfg = Release|x64
		{A031E7A1-6350-4FC8-9102-94CB4241BF43}.Release|x64.Build.0 = Release|x64
		{96BA8B6B-E5F4-4D10-97D3-EAE4D974D67C}.Debug|Win32.ActiveCfg = Debug|Win32
		{96BA8B6B-E5F4-4D10-97D3-EAE4D974D67C}.Debug|Win32.Build.0 = Debug|Win32
		{96BA8B6B-E5F4-4D10-97D3-EAE4D974D67C}.Debug|x64.ActiveCfg = Debug|x64
		{96BA8B6B-E5F4-4D10-97D3-EAE4D974D67C}.Debug|x64.Build.0 = Debug|x64
		{96BA8B6B-E5F4-4D10-97D3-EAE4D974D67C}.Release|Win32.ActiveCfg = Release|Win32
		{96BA8B6B-E5F4-4D10-97D3-EAE4D974D67C}.Release|Win32.Build.0 = Release|Win32
		{96BA8B6B-E5F4-4D10-97D3-EAE4D974D67C}.Release|x64.ActiveCfg = Release|x64
		{96BA8B6B-E5F4-4D10-97D3-EAE4D974D67C}.Release|x64.Build.0 = Release|x64
		{DD0A4128-8AB5-4571-8947-BE13BC162292}.Debug|Win32.ActiveCfg = Debug|Win32
		{DD0A4128-8AB5-4571-8947-BE13BC162292}.Debug|Win32.Build.0 = Debug|Win32
		{DD0A4128-8AB5-4571-8947-BE13BC162292}.Debug|x64.ActiveCfg = Debug|x64
		{DD0A4128-8AB5-4571-8947-BE13BC162292}.Debug|x64.Build.0 = Debug|x64
		{DD0A4128-8AB5-4571-8947-BE13BC162292}.Release|Win32.ActiveCfg = Release|Win32
		{DD0A4128-8AB5-4571-8947-BE13BC162292}.Release|Win32.Build.0 = Release|Win32
		{DD0A4128-8AB5-4571-8947-BE13BC162292}.Release|x64.ActiveCfg = Release|x64
		{DD0A4128-8AB5-4571-8947-BE13BC162292}.Release|x64.Build.0 = Release|x64
		{D46D7563-90CF-4CC1-8DF4-894532309D89}.Debug|Win32.ActiveCfg = Debug|Win32
		{D46D7563-90CF-4CC1-8DF4-894532309D89}.Debug|Win32.Build.0 = Debug|Win32
		{D46D7563-90CF-4CC1-8DF4-894532309D89}.Debug|x64.ActiveCfg = Debug|x64
		{D46D7563-90CF-4CC1-8DF4-894532309D89}.Debug|x64.Build.0 = Debug|x64
		{D46D7563-90CF-4CC1-8DF4-894532309D89}.Release|Win32.ActiveCfg = Release|Win32
		{D46D7563-90CF-4CC1-8DF4-894532309D89}.Release|Win32.Build.0 = Release|Win32
		{D46D7563-90CF-4CC1-8DF4-894532309D89}.Release|x64.ActiveCfg = Release|x64
		{D46D7563-90CF-4CC1-8DF4-894532309D89}.Release|x64.Build.0 = Release|x64
		{2951422B-E128-4B3A-ADA7-CAF3E036CCD5}.Debug|Win32.ActiveCfg = Debug|Win32
		{2951422B-E128-4B3A-ADA7-CAF3E036CCD5}.Debug|Win32.Build.0 = Debug|Win32
		{2951422B-E128-4B3A-ADA7-CAF3E036CCD5}.Debug|x64.ActiveCfg = Debug|x64
		{2951422B-E128-4B3A-ADA7-CAF3E036CCD5}.Debug|x64.Build.0 = Debug|x64
		{2951422B-E128-4B3A-ADA7-CAF3E036CCD5}.Release|Win32.ActiveCfg = Release|Win32
		{2951422B-E128-4B3A-ADA7-CAF3E036CCD5}.Release|Win32.Build.0 = Release|Win32
		{2951422B-E128-4B3A-ADA7-CAF3E036CCD5}.Release|x64.ActiveCfg = Release|x64
		{2951422B-E128-4B3A-ADA7-CAF3E036CCD5}.Release|x64.Build.0 = Release|x64
		{B7400F8C-E5E7-49B4-B7E2-51506129195D}.Debug|Win32.ActiveCfg = Debug|Win32
		{B7400F8C-E5E7-49B4-B7E2-51506129195D}.Debug|Win32.Build.0 = Debug|Win32
		{B7400F8C-E5E7-49B4-B7E2-51506129195D}.Debug|x64.ActiveCfg = Debug|x64
		{B7400F8C-E5E7-49B4-B7E2-51506129195D}.Debug|x64.Build.0 = Debug|x64
		{B7400F8C-E5E7-49B4-B7E2-51506129195D}.Release|Win32.ActiveCfg = Release|Win32
		{B7400F8C-E5E7-49B4-B7E2-51506129195D}.Release|Win32.Build.0 = Release|Win32
		{B7400F8C-E5E7-49B4-B7E2-51506129195D}.Release|x64.ActiveCfg = Release|x64
		{B7400F8C-E5E7-49B4-B7E2-51506129195D}.Release|x64.Build.0 = Release|x64
		{B72EC1D4-E81E-422E-8B71-5D58B81B8109}.Debug|Win32.ActiveCfg = Debug|Win32
		{B72EC1D4-E81E-422E-8B71-5D58B81B8109}.Debug|Win32.Build.0 = Debug|Win32
		{B72EC1D4-E81E-422E-8B71-5D58B81B8109}.Debug|x64.ActiveCfg = Debug|x64
		{B72EC1D4-E81E-422E-8B71-5D58B81B8109}.Debug|x64.Build.0 = Debug|x64
		{B72EC1D4-E81E-422E-8B71-5D58B81B8109}.Release|Win32.ActiveCfg = Release|Win32
		{B72EC1D4-E81E-422E-8B71-5D58B81B8109}.Release|Win32.Build.0 = Release|Win32
		{B72EC1D4-E81E-422E-8B71-5D58B81B8109}.Release|x64.ActiveCfg = Release|x64
		{B72EC1D4-E81E-422E-8B71-5D58B81B8109}.Release|x64.Build.0 = Release|x64
		{ED7750C7-9DD1-43EB-97BA-30B293195853}.Debug|Win32.ActiveCfg = Debug|Win32
		{ED7750C7-9DD1-43EB-97BA-30B293195853}.Debug|Win32.Build.0 = Debug|Win32
		{ED7750C7-9DD1-43EB-97BA-30B293195853}.Debug|x64.ActiveCfg = Debug|x64
		{ED7750C7-9DD1-43EB-97BA-30B293195853}.Debug|x64.Build.0 = Debug|x64
		{ED7750C7-9DD1-43EB-97BA-30B293195853}.Release|Win32.ActiveCfg = Release|Win32
		{ED7750C7-9DD1-43EB-97BA-30B293195853}.Release|Win32.Build.0 = Release|Win32
		{ED7750C7-9DD1-43EB-97BA-30B293195853}.Release|x64.ActiveCfg = Release|x64
		{ED7750C7-9DD1-43EB-97BA-30B293195853}.Release|x64.Build.0 = Release|x64
		{FD3FD84A-6005-4345-ACD8-153D25EC550D}.Debug|Win32.ActiveCfg = Debug|Win32
		{FD3FD84A-6005-4345-ACD8-153D25EC550D}.Debug|Win32.Build.0 = Debug|Win32
		{FD3FD84A-6005-4345-ACD8-153D25EC550D}.Debug|x64.ActiveCfg = Debug|x64
		{FD3FD84A-6005-4345-ACD8-153D25EC550D}.Debug|x64.Build.0 = Debug|x64
		{FD3FD84A-6005-4345-ACD8-153D25EC550D}.Release|Win32.ActiveCfg = Release|Win32
		{FD3FD84A-6005-4345-ACD8-153D25EC550D}.Release|Win32.Build.0 = Release|Win32
		{FD3FD84A-6005-4345-ACD8-153D25EC550D}.Release|x64.ActiveCfg = Release|x64
		{FD3FD84A-6005-4345-ACD8-153D25EC550D}.Release|x64.Build.0 = Release|x64
		{6DECE067-088A-499C-B177-E650547D24B1}.Debug|Win32.ActiveCfg = Debug|Win32
		{6DECE067-088A-499C-B177-E650547D24B1}.Debug|Win32.Build.0 = Debug|Win32
		{6DECE067-088A-499C-B177-E650547D24B1}.Debug|x64.ActiveCfg = Debug|x64
		{6DECE067-088A-499C-B177-E650547D24B1}.Debug|x64.Build.0 = Debug|x64
		{6DECE067-088A-499C-B177-E650547D24B1}.Release|Win32.ActiveCfg = Release|Win32
		{6DECE067-088A-499C-B177-E650547D24B1}.Release|Win32.Build.0 = Release|Win32
		{6DECE067-088A-499C-B177-E650547D24B1}.Release|x64.ActiveCfg = Release|x64
		{6DECE067-088A-499C-B177-E650547D24B1}.Release|x64.Build.0 = Release|x64
		{62AC5645-EA8A-4D19-848E-288E91385013}.Debug|Win32.ActiveCfg = Debug|Win32
		{62AC5645-EA8A-4D19-848E-288E91385013}.Debug|Win32.Build.0 = Debug|Win32
		{62AC5645-EA8A-4D19-848E-288E91385013}.Debug|x64.ActiveCfg = Debug|x64
		{62AC5645-EA8A-4D19-848E-288E91385013}.Debug|x64.Build.0 = Debug|x64
		{62AC5645-EA8A-4D19-848E-288E91385013}.Release|Win32.ActiveCfg = Release|Win32
		{62AC5645-EA8A-4D19-848E-288E91385013}.Release|Win32.Build.0 = Release|Win32
		{62AC5645-EA8A-4D19-848E-288E91385013}.Release|x64.ActiveCfg = Release|x64
		{62AC5645-EA8A-4D19-848E-288E91385013}.Release|x64.Build.0 = Release|x64
		{0A6743DE-84F9-4224-874B-DECBC6037AEB}.Debug|Win32.ActiveCfg = Debug|Win32
		{0A6743DE-84F9-4224-874B-DECBC6037AEB}.Debug|Win32.Build.0 = Debug|Win32
		{0A6743DE-84F9-4224-874B-DECBC6037AEB}.Debug|x64.ActiveCfg = Debug|x64
		{0A6743DE-84F9-4224-874B-DECBC6037AEB}.Debug|x64.Build.0 = Debug|x64
		{0A6743DE-84F9-4224-874B-DECBC6037AEB}.Release|Win32.ActiveCfg = Release|Win32
		{0A6743DE-84F9-4224-874B-DECBC6037AEB}.Release|Win32.Build.0 = Release|Win32
		{0A6743DE-84F9-4224-874B-DECBC6037AEB}.Release|x64.ActiveCfg = Release|x64
		{0A6743DE-84F9-4224-874B-DECBC6037AEB}.Release|x64.Build.0 = Release|x64
		{F50834C2-D6B0-4A3F-A5DE-2021C41D5719}.Debug|Win32.ActiveCfg = Debug|Win32
		{F50834C2-D6B0-4A3F-A5DE-2021C41D5719}.Debug|Win32.Build.0 = Debug|Win32
		{F50834C2-D6B0-4A3F-A5DE-2021C41D5719}.Debug|x64.ActiveCfg = Debug|x64
		{F50834C2-D6B0-4A3F-A5DE-2021C41D5719}.Debug|x64.Build.0 = Debug|x64
		{F50834C2-D6B0-4A3F-A5DE-2021C41D5719}.Release|Win32.ActiveCfg = Release|Win32
		{F50834C2-D6B0-4A3F-A5DE-2021C41D5719}.Release|Win32.Build.0 = Release|Win32
		{F50834C2-D6B0-4A3F-A5DE-2021C41D5719}.Release|x64.ActiveCfg = Release|x64
		{F50834C2-D6B0-4A3F-A5DE-2021C41D5719}.Release|x64.Build.0 = Release|x64
		{27F70581-7A4D-48B9-A313-D14B33502D22}.Debug|Win32.ActiveCfg = Debug|Win32
		{27F70581-7A4D-48B9-A313-D14B33502D22}.Debug|Win32.Build.0 = Debug|Win32
		{27F70581-7A4D-48B9-A313-D14B33502D22}.Debug|x64.ActiveCfg = Debug|x64
		{27F70581-7A4D-48B9-A313-D14B33502D22}.Debug|x64.Build.0 = Debug|x64
		{27F70581-7A4D-48B9-A313-D14B33502D22}.Release|Win32.ActiveCfg = Release|Win32
		{27F70581-7A4D-48B9-A313-D14B33502D22}.Release|Win32.Build.0 = Release|Win32
		{27F70581-7A4D-48B9-A313-D14B33502D22}.Release|x64.ActiveCfg = Release|x64
		{27F70581-7A4D-48B9-A313-D14B33502D22}.Release|x64.Build.0 = Release|x64
		{1EB2B435-7097-4150-BA78-6EAA132D9C9F}.Debug|Win32.ActiveCfg = Debug|Win32
		{1EB2B435-7097-4150-BA78-6EAA132D9C9F}.Debug|Win32.Build.0 = Debug|Win32
		{1EB2B435-7097-4150-BA78-6EAA132D9C9F}.Debug|x64.ActiveCfg = Debug|x64
		{1EB2B435-7097-4150-BA78-6EAA132D9C9F}.Debug|x64.Build.0 = Debug|x64
		{1EB2B435-7097-4150-BA78-6EAA132D9C9F}.Release|Win32.ActiveCfg = Release|Win32
		{1EB2B435-7097-4150-BA78-6EAA132D9C9F}.Release|Win32.Build.0 = Release|Win32
		{1EB2B435-7097-4150-BA78-6EAA132D9C9F}.Release|x64.ActiveCfg = Release|x64
		{1EB2B435-7097-4150-BA78-6EAA132D9C9F}.Release|x64.Build.0 = Release|x64
		{16A8C5D4-BA78-42BB-8BA5-1C2CF13B28F0}.Debug|Win32.ActiveCfg = Debug|Win32
		{16A8C5D4-BA78-42BB-8BA5-1C2CF13B28F0}.Debug|Win32.Build.0 = Debug|Win32
		{16A8C5D4-BA78-42BB-8BA5-1C2CF13B28F0}.Debug|x64.ActiveCfg = Debug|x64
		{16A8C5D4-BA78-42BB-8BA5-1C2CF13B28F0}.Debug|x64.Build.0 = Debug|x64
		{16A8C5D4-BA78-42BB-8BA5-1C2CF13B28F0}.Release|Win32.ActiveCfg = Release|Win32
		{16A8C5D4-BA78-42BB-8BA5-1C2CF13B28F0}.Release|Win32.Build.0 = Release|Win32
		{16A8C5D4-BA78-42BB-8BA5-1C2CF13B28F0}.Release|x64.ActiveCfg = Release|x64
		{16A8C5D4-BA78-42BB-8BA5-1C2CF13B28F0}.Release|x64.Build.0 = Release|x64
		{64CEADC3-50E5-417D-9B87-6F5CA301A46D}.Debug|Win32.ActiveCfg = Debug|Win32
		{64CEADC3-50E5-417D-9B87-6F5CA301A46D}.Debug|Win32.Build.0 = Debug|Win32
		{64CEADC3-50E5-417D-9B87-6F5CA301A46D}.Debug|x64.ActiveCfg = Debug|x64
		{64CEADC3-50E5-417D-9B87-6F5CA301A46D}.Debug|x64.Build.0 = Debug|x64
		{64CEADC3-50E5-417D-9B87-6F5CA301A46D}.Release|Win32.ActiveCfg = Release|Win32
		{64CEADC3-50E5-417D-9B87-6F5CA301A46D}.Release|Win32.Build.0 = Release|Win32
		{64CEADC3-50E5-417D-9B87-6F5CA301A46D}.Release|x64.ActiveCfg = Release|x64
		{64CEADC3-50E5-417D-9B87-6F5CA301A46D}.Release|x64.Build.0 = Release|x64
		{B8C1C4A1-47E0-4EAF-99FD-FAABC525563F}.Debug|Win32.ActiveCfg = Debug|Win32
		{B8C1C4A1-47E0-4EAF-99FD-FAABC525563F}.Debug|Win32.Build.0 = Debug|Win32
		{B8C1C4A1-47E0-4EAF-99FD-FAABC525563F}.Debug|x64.ActiveCfg = Debug|x64
		{B8C1C4A1-47E0-4EAF-99FD-FAABC525563F}.Debug|x64.Build.0 = Debug|x64
		{B8C1C4A1-47E0-4EAF-99FD-FAABC525563F}.Release|Win32.ActiveCfg = Release|Win32
		{B8C1C4A1-47E0-4EAF-99FD-FAABC525563F}.Release|Win32.Build.0 = Release|Win32
		{B8C1C4A1-47E0-4EAF-99FD-FAABC525563F}.Release|x64.ActiveCfg = Release|x64
		{B8C1C4A1-47E0-4EAF-99FD-FAABC525563F}.Release|x64.Build.0 = Release|x64
		{8E86F6C2-7BC8-4356-8B28-95B3ECE0B639}.Debug|Win32.ActiveCfg = Debug|Win32
		{8E86F6C2-7BC8-4356-8B28-95B3ECE0B639}.Debug|Win32.Build.0 = Debug|Win32
		{8E86F6C2-7BC8-4356-8B28-95B3ECE0B639}.Debug|x64.ActiveCfg = Debug|x64
		{8E86F6C2-7BC8-4356-8B28-95B3ECE0B639}.Debug|x64.Build.0 = Debug|x64
		{8E86F6C2-7BC8-4356-8B28-95B3ECE0B639}.Release|Win32.ActiveCfg = Release|Win32
		{8E86F6C2-7BC8-4356-8B28-95B3ECE0B639}.Release|Win32.Build.0 = Release|Win32
		{8E86F6C2-7BC8-4356-8B28-95B3ECE0B639}.Release|x64.ActiveCfg = Release|x64
		{8E86F6C2-7BC8-4356-8B28-95B3ECE0B639}.Release|x64.Build.0 = Release|x64
		{A80510BA-510D-4679-9C38-1AE971262D23}.Debug|Win32.ActiveCfg = Debug|Win32
		{A80510BA-510D-4679-9C38-1AE971262D23}.Debug|Win32.Build.0 = Debug|Win32
		{A80510BA-510D-4679-9C38-1AE971262D23}.Debug|x64.ActiveCfg = Debug|x64
		{A80510BA-510D-4679-9C38-1AE971262D23}.Debug|x64.Build.0 = Debug|x64
		{A80510BA-510D-4679-9C38-1AE971262D23}.Release|Win32.ActiveCfg = Release|Win32
		{A80510BA-510D-4679-9C38-1AE971262D23}.Release|Win32.Build.0 = Release|Win32
		{A80510BA-510D-4679-9C38-1AE971262D23}.Release|x64.ActiveCfg = Release|x64
		{A80510BA-510D-4679-9C38-1AE971262D23}.Release|x64.Build.0 = Release|x64
		{EB2D1CCC-C112-44E9-BE65-B999A9C1DC9B}.Debug|Win32.ActiveCfg = Debug|Win32
		{EB2D1CCC-C112-44E9-BE65-B999A9C1DC9B}.Debug|Win32.Build.0 = Debug|Win32
		{EB2D1CCC-C112-44E9-BE65-B999A9C1DC9B}.Debug|x64.ActiveCfg = Debug|x64
		{EB2D1CCC-C112-44E9-BE65-B999A9C1DC9B}.Debug|x64.Build.0 = Debug|x64
		{EB2D1CCC-C112-44E9-BE65-B999A9C1DC9B}.Release|Win32.ActiveCfg = Release|Win32
		{EB2D1CCC-C112-44E9-BE65-B999A9C1DC9B}.Release|Win32.Build.0 = Release|Win32
		{EB2D1CCC-C112-44E9-BE65-B999A9C1DC9B}.Release|x64.ActiveCfg = Release|x64
		{EB2D1CCC-C112-44E9-BE65-B999A9C1DC9B}.Release|x64.Build.0 = Release|x64
		{C06F8A49-7F64-4821-9B7B-9FFC97760033}.Debug|Win32.ActiveCfg = Debug|Win32
		{C06F8A49-7F64-4821-9B7B-9FFC97760033}.Debug|Win32.Build.0 = Debug|Win32
		{C06F8A49-7F64-4821-9B7B-9FFC97760033}.Debug|x64.ActiveCfg = Debug|x64
		{C06F8A49-7F64-4821-9B7B-9FFC97760033}.Debug|x64.Build.0 = Debug|x64
		{C06F8A49-7F64-4821-9B7B-9FFC97760033}.Release|Win32.ActiveCfg = Release|Win32
		{C06F8A49-7F64-4821-9B7B-9FFC97760033}.Release|Win32.Build.0 = Release|Win32
		{C06F8A49-7F64-4821-9B7B-9FFC97760033}.Release|x64.ActiveCfg = Release|x64
		{C06F8A49-7F64-4821-9B7B-9FFC97760033}.Release|x64.Build.0 = Release|x64
		{0F7E5634-4F9E-4CB5-A308-2090DA87D58D}.Debug|Win32.ActiveCfg = Debug|Win32
		{0F7E5634-4F9E-4CB5-A308-2090DA87D58D}.Debug|Win32.Build.0 = Debug|Win32
		{0F7E5634-4F9E-4CB5-A308-2090DA87D58D}.Debug|x64.ActiveCfg = Debug|x64
		{0F7E5634-4F9E-4CB5-A308-2090DA87D58D}.Debug|x64.Build.0 = Debug|x64
		{0F7E5634-4F9E-4CB5-A308-2090DA87D58D}.Release|Win32.ActiveCfg = Release|Win32
		{0F7E5634-4F9E-4CB5-A308-2090DA87D58D}.Release|Win32.Build.0 = Release|Win32
		{0F7E5634-4F9E-4CB5-A308-2090DA87D58D}.Release|x64.ActiveCfg = Release|x64
		{0F7E5634-4F9E-4CB5-A308-2090DA87D58D}.Release|x64.Build.0 = Release|x64
		{EA30D7C7-1CFF-44B8-957F-62A8D189EA84}.Debug|Win32.ActiveCfg = Debug|Win32
		{EA30D7C7-1CFF-44B8-957F-62A8D189EA84}.Debug|Win32.Build.0 = Debug|Win32
		{EA30D7C7-1CFF-44B8-957F-62A8D189EA84}.Debug|x64.ActiveCfg = Debug|x64
		{EA30D7C7-1CFF-44B8-957F-62A8D189EA84}.Debug|x64.Build.0 = Debug|x64
		{EA30D7C7-1CFF-44B8-957F-62A8D189EA84}.Release|Win32.ActiveCfg = Release|Win32
		{EA30D7C7-1CFF-44B8-957F-62A8D189EA84}.Release|Win32.Build.0 = Release|Win32
		{EA30D7C7-1CFF-44B8-957F-62A8D189EA84}.Release|x64.ActiveCfg = Release|x64
		{EA30D7C7-1CFF-44B8-957F-62A8D189EA84}.Release|x64.Build.0 = Release|x64
	EndGlobalSection
	GlobalSection(SolutionProperties) = preSolution
		HideSolutionNode = FALSE
	EndGlobalSection
	GlobalSection(DPCodeReviewSolutionGUID) = preSolution
		DPCodeReviewSolutionGUID = {00000000-0000-0000-0000-000000000000}
	EndGlobalSection
EndGlobal
